
Microsoft Visual Studio Solution File, Format Version 12.00
# Visual Studio 15
VisualStudioVersion = 15.0.27703.2035
MinimumVisualStudioVersion = 10.0.40219.1
Project("{9A19103F-16F7-4668-BE54-9A1E7A4F7556}") = "DataCouchDBBus", "DataCouchDBBus\DataCouchDBBus.csproj", "{30B8EFD8-F352-4B3A-9F1B-92E87CFB7D2F}"
EndProject
Project("{9A19103F-16F7-4668-BE54-9A1E7A4F7556}") = "HamBusLib", "..\hambuslib\HamBusLib\HamBusLib.csproj", "{9CD84036-6FBD-4F77-8A7A-434F9488E9E8}"
EndProject
Project("{9A19103F-16F7-4668-BE54-9A1E7A4F7556}") = "CouchDB", "..\hambuslib\CouchDB\CouchDB.csproj", "{035192B2-9E58-41DD-8B6F-BE2647251E61}"
EndProject
Global
	GlobalSection(SolutionConfigurationPlatforms) = preSolution
		Debug|Any CPU = Debug|Any CPU
		Release|Any CPU = Release|Any CPU
	EndGlobalSection
	GlobalSection(ProjectConfigurationPlatforms) = postSolution
		{30B8EFD8-F352-4B3A-9F1B-92E87CFB7D2F}.Debug|Any CPU.ActiveCfg = Debug|Any CPU
		{30B8EFD8-F352-4B3A-9F1B-92E87CFB7D2F}.Debug|Any CPU.Build.0 = Debug|Any CPU
		{30B8EFD8-F352-4B3A-9F1B-92E87CFB7D2F}.Release|Any CPU.ActiveCfg = Release|Any CPU
		{30B8EFD8-F352-4B3A-9F1B-92E87CFB7D2F}.Release|Any CPU.Build.0 = Release|Any CPU
		{9CD84036-6FBD-4F77-8A7A-434F9488E9E8}.Debug|Any CPU.ActiveCfg = Debug|Any CPU
		{9CD84036-6FBD-4F77-8A7A-434F9488E9E8}.Debug|Any CPU.Build.0 = Debug|Any CPU
		{9CD84036-6FBD-4F77-8A7A-434F9488E9E8}.Release|Any CPU.ActiveCfg = Release|Any CPU
		{9CD84036-6FBD-4F77-8A7A-434F9488E9E8}.Release|Any CPU.Build.0 = Release|Any CPU
		{035192B2-9E58-41DD-8B6F-BE2647251E61}.Debug|Any CPU.ActiveCfg = Debug|Any CPU
		{035192B2-9E58-41DD-8B6F-BE2647251E61}.Debug|Any CPU.Build.0 = Debug|Any CPU
		{035192B2-9E58-41DD-8B6F-BE2647251E61}.Release|Any CPU.ActiveCfg = Release|Any CPU
		{035192B2-9E58-41DD-8B6F-BE2647251E61}.Release|Any CPU.Build.0 = Release|Any CPU
	EndGlobalSection
	GlobalSection(SolutionProperties) = preSolution
		HideSolutionNode = FALSE
	EndGlobalSection
	GlobalSection(ExtensibilityGlobals) = postSolution
		SolutionGuid = {DAC4AC8C-69C7-4B1C-98AD-7F8FAA504CEB}
	EndGlobalSection
EndGlobal
